
Microsoft Visual Studio Solution File, Format Version 11.00
# Visual Studio 2010
Project("{FAE04EC0-301F-11D3-BF4B-00C04F79EFBC}") = "HeartAttack", "HeartAttack\HeartAttack\HeartAttack.csproj", "{CE9262CE-12FF-4AB6-BA6C-39DE7ED421AA}"
EndProject
Project("{96E2B04D-8817-42C6-938A-82C39BA4D311}") = "HeartAttackContent", "HeartAttack\HeartAttackContent\HeartAttackContent.contentproj", "{FE521393-E862-4D17-9984-6C18465A3675}"
EndProject
Global
	GlobalSection(SolutionConfigurationPlatforms) = preSolution
		Debug|x86 = Debug|x86
		Release|x86 = Release|x86
	EndGlobalSection
	GlobalSection(ProjectConfigurationPlatforms) = postSolution
		{CE9262CE-12FF-4AB6-BA6C-39DE7ED421AA}.Debug|x86.ActiveCfg = Debug|x86
		{CE9262CE-12FF-4AB6-BA6C-39DE7ED421AA}.Debug|x86.Build.0 = Debug|x86
		{CE9262CE-12FF-4AB6-BA6C-39DE7ED421AA}.Release|x86.ActiveCfg = Release|x86
		{CE9262CE-12FF-4AB6-BA6C-39DE7ED421AA}.Release|x86.Build.0 = Release|x86
		{FE521393-E862-4D17-9984-6C18465A3675}.Debug|x86.ActiveCfg = Debug|x86
		{FE521393-E862-4D17-9984-6C18465A3675}.Release|x86.ActiveCfg = Release|x86
	EndGlobalSection
	GlobalSection(SolutionProperties) = preSolution
		HideSolutionNode = FALSE
	EndGlobalSection
EndGlobal
